
Microsoft Visual Studio Solution File, Format Version 12.00
# Visual Studio Version 17
VisualStudioVersion = 17.8.34601.278
MinimumVisualStudioVersion = 10.0.40219.1
Project("{FAE04EC0-301F-11D3-BF4B-00C04F79EFBC}") = "SampleApp", "SampleApp\SampleApp.csproj", "{6C6D87DE-AB0E-4CB7-A181-0B09319D4608}"
EndProject
Global
	GlobalSection(SolutionConfigurationPlatforms) = preSolution
		Debug|Any CPU = Debug|Any CPU
		Release|Any CPU = Release|Any CPU
	EndGlobalSection
	GlobalSection(ProjectConfigurationPlatforms) = postSolution
		{6C6D87DE-AB0E-4CB7-A181-0B09319D4608}.Debug|Any CPU.ActiveCfg = Debug|Any CPU
		{6C6D87DE-AB0E-4CB7-A181-0B09319D4608}.Debug|Any CPU.Build.0 = Debug|Any CPU
		{6C6D87DE-AB0E-4CB7-A181-0B09319D4608}.Release|Any CPU.ActiveCfg = Release|Any CPU
		{6C6D87DE-AB0E-4CB7-A181-0B09319D4608}.Release|Any CPU.Build.0 = Release|Any CPU
	EndGlobalSection
	GlobalSection(SolutionProperties) = preSolution
		HideSolutionNode = FALSE
	EndGlobalSection
	GlobalSection(ExtensibilityGlobals) = postSolution
		SolutionGuid = {0A225D90-A4E8-4E5D-ACD3-84D075E39DF7}
	EndGlobalSection
EndGlobal
